{
  "name": "shared-table-types",
  "version": "1.0.5",
  "lockfileVersion": 2,
  "requires": true,
  "packages": {
    "": {
      "name": "shared-table-types",
      "version": "1.0.5",
      "license": "GPL-2.0",
      "dependencies": {
        "message-relay-services": "^0.9.25"
      },
      "bin": {
        "shared-table-types": "bin/index.js"
      }
    },
    "node_modules/message-relay-services": {
      "version": "0.9.25",
      "resolved": "https://registry.npmjs.org/message-relay-services/-/message-relay-services-0.9.25.tgz",
      "integrity": "sha512-0gZLsrGDOICh6IA9lDT3HqJrEWPI3P2e7/DXF03+hudBKTlac6sFmi45AiLBh+hqpcc22oPmbQxasooTp7xJvQ==",
      "funding": {
        "type": "GitHub Sponsors",
        "url": "https://github.com/sponsors/copious-world"
      }
    }
  },
  "dependencies": {
    "message-relay-services": {
      "version": "0.9.25",
      "resolved": "https://registry.npmjs.org/message-relay-services/-/message-relay-services-0.9.25.tgz",
      "integrity": "sha512-0gZLsrGDOICh6IA9lDT3HqJrEWPI3P2e7/DXF03+hudBKTlac6sFmi45AiLBh+hqpcc22oPmbQxasooTp7xJvQ=="
    }
  }
}
