{
  "name": "shared-table-types",
  "version": "1.0.2",
  "lockfileVersion": 2,
  "requires": true,
  "packages": {
    "": {
      "name": "shared-table-types",
      "version": "1.0.2",
      "license": "GPL-2.0",
      "dependencies": {
        "message-relay-services": "^0.9.24"
      },
      "bin": {
        "shared-table-types": "bin/index.js"
      }
    },
    "node_modules/message-relay-services": {
      "version": "0.9.24",
      "resolved": "https://registry.npmjs.org/message-relay-services/-/message-relay-services-0.9.24.tgz",
      "integrity": "sha512-BL6bQl4GOPzJjjmjXgpP4yTOJ1UjUxfNWgtDRgq5FMBnBg+CU9dnVYAHp1Jc6vwMjBUmpqZJXPeSp/1AY34Z2A==",
      "funding": {
        "type": "GitHub Sponsors",
        "url": "https://github.com/sponsors/copious-world"
      }
    }
  },
  "dependencies": {
    "message-relay-services": {
      "version": "0.9.24",
      "resolved": "https://registry.npmjs.org/message-relay-services/-/message-relay-services-0.9.24.tgz",
      "integrity": "sha512-BL6bQl4GOPzJjjmjXgpP4yTOJ1UjUxfNWgtDRgq5FMBnBg+CU9dnVYAHp1Jc6vwMjBUmpqZJXPeSp/1AY34Z2A=="
    }
  }
}
